
Microsoft Visual Studio Solution File, Format Version 12.00
# Visual Studio Version 17
VisualStudioVersion = 17.1.32210.238
MinimumVisualStudioVersion = 10.0.40219.1
Project("{9A19103F-16F7-4668-BE54-9A1E7A4F7556}") = "Lab2", "Lab2\Lab2.csproj", "{A95173FE-D6C9-47C2-B9B7-268263CA1D1C}"
EndProject
Project("{9A19103F-16F7-4668-BE54-9A1E7A4F7556}") = "Lab3_1", "Lab3_1\Lab3_1.csproj", "{D1BEB8DE-9A82-4B17-8ED7-91D2E4BD2848}"
EndProject
Project("{9A19103F-16F7-4668-BE54-9A1E7A4F7556}") = "Lab3_2", "Lab3_2\Lab3_2.csproj", "{9B939F86-CB85-4C6C-8BA4-ADAE15E44440}"
EndProject
Project("{9A19103F-16F7-4668-BE54-9A1E7A4F7556}") = "Lab4", "Lab4\Lab4.csproj", "{524DFCE8-3EE3-4867-96FA-DA7F23CDCDB1}"
EndProject
Project("{9A19103F-16F7-4668-BE54-9A1E7A4F7556}") = "Lab5_1", "Lab5_1\Lab5_1.csproj", "{4D489E7F-E909-4DBE-85DA-B8EDCBF822AF}"
EndProject
Project("{9A19103F-16F7-4668-BE54-9A1E7A4F7556}") = "Lab5_2", "Lab5_2\Lab5_2.csproj", "{521B9832-FB22-4564-ABE2-BF5837227CFD}"
EndProject
Project("{9A19103F-16F7-4668-BE54-9A1E7A4F7556}") = "Lab6", "Lab6\Lab6.csproj", "{603BB0D3-75DF-457E-AA75-40EDAE9A027E}"
EndProject
Project("{9A19103F-16F7-4668-BE54-9A1E7A4F7556}") = "Lab7_1", "Lab7_1\Lab7_1.csproj", "{BFF3AEC0-25D4-4938-B30B-DCF6E4732F9E}"
EndProject
Project("{9A19103F-16F7-4668-BE54-9A1E7A4F7556}") = "Lab7_2", "Lab7_2\Lab7_2.csproj", "{A08D2791-2593-4604-9893-1E84C9BDBA3B}"
EndProject
Project("{9A19103F-16F7-4668-BE54-9A1E7A4F7556}") = "Lab8_1", "Lab8_1\Lab8_1.csproj", "{D3F10399-F93E-4FDC-A34E-D43F9F8B9D66}"
EndProject
Project("{9A19103F-16F7-4668-BE54-9A1E7A4F7556}") = "Lab8_2", "Lab8_2\Lab8_2.csproj", "{0B94863E-340C-41BC-A2FF-3D518FDD7C31}"
EndProject
Project("{FAE04EC0-301F-11D3-BF4B-00C04F79EFBC}") = "Lab9_1", "Lab9_1\Lab9_1.csproj", "{E7C3C985-D3E8-4622-8122-CEE62CA8C6A0}"
EndProject
Project("{9A19103F-16F7-4668-BE54-9A1E7A4F7556}") = "Lab9_2", "Lab9_2\Lab9_2.csproj", "{7F831BEC-C99F-4BF5-89CA-F48A9F12CD29}"
EndProject
Project("{9A19103F-16F7-4668-BE54-9A1E7A4F7556}") = "Lab10", "Lab10\Lab10.csproj", "{2DD9FEAE-2E4F-4197-BC89-A7A3DBD3977E}"
EndProject
Project("{FAE04EC0-301F-11D3-BF4B-00C04F79EFBC}") = "Lab11_1_1", "Lab11_1_1\Lab11_1_1.csproj", "{003C8222-B9E1-480D-B306-F7941ED23BE7}"
EndProject
Project("{FAE04EC0-301F-11D3-BF4B-00C04F79EFBC}") = "Lab11_1_2_List", "Lab11_1_2_List\Lab11_1_2_List.csproj", "{BD2DB61A-30A9-4C30-9A50-0777FC751444}"
EndProject
Project("{FAE04EC0-301F-11D3-BF4B-00C04F79EFBC}") = "Lab11_1_2_Stack", "Lab11_1_2_Stack\Lab11_1_2_Stack.csproj", "{318CB6D6-5E5D-4F84-8782-2CA54BC453C1}"
EndProject
Project("{FAE04EC0-301F-11D3-BF4B-00C04F79EFBC}") = "Lab11_1_2_Queue", "Lab11_1_2_Queue\Lab11_1_2_Queue.csproj", "{872CFFB6-E272-458A-811E-3233A3BB6E53}"
EndProject
Project("{FAE04EC0-301F-11D3-BF4B-00C04F79EFBC}") = "Lab11_1_2_Dictionary", "Lab11_1_2_Dictionary\Lab11_1_2_Dictionary.csproj", "{85942464-7FA5-4BEE-BB6D-DFAAAF3B4340}"
EndProject
Project("{FAE04EC0-301F-11D3-BF4B-00C04F79EFBC}") = "Lab11_2_1", "Lab11_2_1\Lab11_2_1.csproj", "{D7514919-4EB0-4563-92D5-A8B6BC5482EF}"
EndProject
Project("{FAE04EC0-301F-11D3-BF4B-00C04F79EFBC}") = "Lab11_2_2", "Lab11_2_2\Lab11_2_2.csproj", "{D992BF46-5705-4B09-8D2D-0C9D46D89B8F}"
EndProject
Global
	GlobalSection(SolutionConfigurationPlatforms) = preSolution
		Debug|Any CPU = Debug|Any CPU
		Release|Any CPU = Release|Any CPU
	EndGlobalSection
	GlobalSection(ProjectConfigurationPlatforms) = postSolution
		{A95173FE-D6C9-47C2-B9B7-268263CA1D1C}.Debug|Any CPU.ActiveCfg = Debug|Any CPU
		{A95173FE-D6C9-47C2-B9B7-268263CA1D1C}.Debug|Any CPU.Build.0 = Debug|Any CPU
		{A95173FE-D6C9-47C2-B9B7-268263CA1D1C}.Release|Any CPU.ActiveCfg = Release|Any CPU
		{A95173FE-D6C9-47C2-B9B7-268263CA1D1C}.Release|Any CPU.Build.0 = Release|Any CPU
		{D1BEB8DE-9A82-4B17-8ED7-91D2E4BD2848}.Debug|Any CPU.ActiveCfg = Debug|Any CPU
		{D1BEB8DE-9A82-4B17-8ED7-91D2E4BD2848}.Debug|Any CPU.Build.0 = Debug|Any CPU
		{D1BEB8DE-9A82-4B17-8ED7-91D2E4BD2848}.Release|Any CPU.ActiveCfg = Release|Any CPU
		{D1BEB8DE-9A82-4B17-8ED7-91D2E4BD2848}.Release|Any CPU.Build.0 = Release|Any CPU
		{9B939F86-CB85-4C6C-8BA4-ADAE15E44440}.Debug|Any CPU.ActiveCfg = Debug|Any CPU
		{9B939F86-CB85-4C6C-8BA4-ADAE15E44440}.Debug|Any CPU.Build.0 = Debug|Any CPU
		{9B939F86-CB85-4C6C-8BA4-ADAE15E44440}.Release|Any CPU.ActiveCfg = Release|Any CPU
		{9B939F86-CB85-4C6C-8BA4-ADAE15E44440}.Release|Any CPU.Build.0 = Release|Any CPU
		{524DFCE8-3EE3-4867-96FA-DA7F23CDCDB1}.Debug|Any CPU.ActiveCfg = Debug|Any CPU
		{524DFCE8-3EE3-4867-96FA-DA7F23CDCDB1}.Debug|Any CPU.Build.0 = Debug|Any CPU
		{524DFCE8-3EE3-4867-96FA-DA7F23CDCDB1}.Release|Any CPU.ActiveCfg = Release|Any CPU
		{524DFCE8-3EE3-4867-96FA-DA7F23CDCDB1}.Release|Any CPU.Build.0 = Release|Any CPU
		{4D489E7F-E909-4DBE-85DA-B8EDCBF822AF}.Debug|Any CPU.ActiveCfg = Debug|Any CPU
		{4D489E7F-E909-4DBE-85DA-B8EDCBF822AF}.Debug|Any CPU.Build.0 = Debug|Any CPU
		{4D489E7F-E909-4DBE-85DA-B8EDCBF822AF}.Release|Any CPU.ActiveCfg = Release|Any CPU
		{4D489E7F-E909-4DBE-85DA-B8EDCBF822AF}.Release|Any CPU.Build.0 = Release|Any CPU
		{521B9832-FB22-4564-ABE2-BF5837227CFD}.Debug|Any CPU.ActiveCfg = Debug|Any CPU
		{521B9832-FB22-4564-ABE2-BF5837227CFD}.Debug|Any CPU.Build.0 = Debug|Any CPU
		{521B9832-FB22-4564-ABE2-BF5837227CFD}.Release|Any CPU.ActiveCfg = Release|Any CPU
		{521B9832-FB22-4564-ABE2-BF5837227CFD}.Release|Any CPU.Build.0 = Release|Any CPU
		{603BB0D3-75DF-457E-AA75-40EDAE9A027E}.Debug|Any CPU.ActiveCfg = Debug|Any CPU
		{603BB0D3-75DF-457E-AA75-40EDAE9A027E}.Debug|Any CPU.Build.0 = Debug|Any CPU
		{603BB0D3-75DF-457E-AA75-40EDAE9A027E}.Release|Any CPU.ActiveCfg = Release|Any CPU
		{603BB0D3-75DF-457E-AA75-40EDAE9A027E}.Release|Any CPU.Build.0 = Release|Any CPU
		{BFF3AEC0-25D4-4938-B30B-DCF6E4732F9E}.Debug|Any CPU.ActiveCfg = Debug|Any CPU
		{BFF3AEC0-25D4-4938-B30B-DCF6E4732F9E}.Debug|Any CPU.Build.0 = Debug|Any CPU
		{BFF3AEC0-25D4-4938-B30B-DCF6E4732F9E}.Release|Any CPU.ActiveCfg = Release|Any CPU
		{BFF3AEC0-25D4-4938-B30B-DCF6E4732F9E}.Release|Any CPU.Build.0 = Release|Any CPU
		{A08D2791-2593-4604-9893-1E84C9BDBA3B}.Debug|Any CPU.ActiveCfg = Debug|Any CPU
		{A08D2791-2593-4604-9893-1E84C9BDBA3B}.Debug|Any CPU.Build.0 = Debug|Any CPU
		{A08D2791-2593-4604-9893-1E84C9BDBA3B}.Release|Any CPU.ActiveCfg = Release|Any CPU
		{A08D2791-2593-4604-9893-1E84C9BDBA3B}.Release|Any CPU.Build.0 = Release|Any CPU
		{D3F10399-F93E-4FDC-A34E-D43F9F8B9D66}.Debug|Any CPU.ActiveCfg = Debug|Any CPU
		{D3F10399-F93E-4FDC-A34E-D43F9F8B9D66}.Debug|Any CPU.Build.0 = Debug|Any CPU
		{D3F10399-F93E-4FDC-A34E-D43F9F8B9D66}.Release|Any CPU.ActiveCfg = Release|Any CPU
		{D3F10399-F93E-4FDC-A34E-D43F9F8B9D66}.Release|Any CPU.Build.0 = Release|Any CPU
		{0B94863E-340C-41BC-A2FF-3D518FDD7C31}.Debug|Any CPU.ActiveCfg = Debug|Any CPU
		{0B94863E-340C-41BC-A2FF-3D518FDD7C31}.Debug|Any CPU.Build.0 = Debug|Any CPU
		{0B94863E-340C-41BC-A2FF-3D518FDD7C31}.Release|Any CPU.ActiveCfg = Release|Any CPU
		{0B94863E-340C-41BC-A2FF-3D518FDD7C31}.Release|Any CPU.Build.0 = Release|Any CPU
		{E7C3C985-D3E8-4622-8122-CEE62CA8C6A0}.Debug|Any CPU.ActiveCfg = Debug|Any CPU
		{E7C3C985-D3E8-4622-8122-CEE62CA8C6A0}.Debug|Any CPU.Build.0 = Debug|Any CPU
		{E7C3C985-D3E8-4622-8122-CEE62CA8C6A0}.Release|Any CPU.ActiveCfg = Release|Any CPU
		{E7C3C985-D3E8-4622-8122-CEE62CA8C6A0}.Release|Any CPU.Build.0 = Release|Any CPU
		{7F831BEC-C99F-4BF5-89CA-F48A9F12CD29}.Debug|Any CPU.ActiveCfg = Debug|Any CPU
		{7F831BEC-C99F-4BF5-89CA-F48A9F12CD29}.Debug|Any CPU.Build.0 = Debug|Any CPU
		{7F831BEC-C99F-4BF5-89CA-F48A9F12CD29}.Release|Any CPU.ActiveCfg = Release|Any CPU
		{7F831BEC-C99F-4BF5-89CA-F48A9F12CD29}.Release|Any CPU.Build.0 = Release|Any CPU
		{2DD9FEAE-2E4F-4197-BC89-A7A3DBD3977E}.Debug|Any CPU.ActiveCfg = Debug|Any CPU
		{2DD9FEAE-2E4F-4197-BC89-A7A3DBD3977E}.Debug|Any CPU.Build.0 = Debug|Any CPU
		{2DD9FEAE-2E4F-4197-BC89-A7A3DBD3977E}.Release|Any CPU.ActiveCfg = Release|Any CPU
		{2DD9FEAE-2E4F-4197-BC89-A7A3DBD3977E}.Release|Any CPU.Build.0 = Release|Any CPU
		{003C8222-B9E1-480D-B306-F7941ED23BE7}.Debug|Any CPU.ActiveCfg = Debug|Any CPU
		{003C8222-B9E1-480D-B306-F7941ED23BE7}.Debug|Any CPU.Build.0 = Debug|Any CPU
		{003C8222-B9E1-480D-B306-F7941ED23BE7}.Release|Any CPU.ActiveCfg = Release|Any CPU
		{003C8222-B9E1-480D-B306-F7941ED23BE7}.Release|Any CPU.Build.0 = Release|Any CPU
		{BD2DB61A-30A9-4C30-9A50-0777FC751444}.Debug|Any CPU.ActiveCfg = Debug|Any CPU
		{BD2DB61A-30A9-4C30-9A50-0777FC751444}.Debug|Any CPU.Build.0 = Debug|Any CPU
		{BD2DB61A-30A9-4C30-9A50-0777FC751444}.Release|Any CPU.ActiveCfg = Release|Any CPU
		{BD2DB61A-30A9-4C30-9A50-0777FC751444}.Release|Any CPU.Build.0 = Release|Any CPU
		{318CB6D6-5E5D-4F84-8782-2CA54BC453C1}.Debug|Any CPU.ActiveCfg = Debug|Any CPU
		{318CB6D6-5E5D-4F84-8782-2CA54BC453C1}.Debug|Any CPU.Build.0 = Debug|Any CPU
		{318CB6D6-5E5D-4F84-8782-2CA54BC453C1}.Release|Any CPU.ActiveCfg = Release|Any CPU
		{318CB6D6-5E5D-4F84-8782-2CA54BC453C1}.Release|Any CPU.Build.0 = Release|Any CPU
		{872CFFB6-E272-458A-811E-3233A3BB6E53}.Debug|Any CPU.ActiveCfg = Debug|Any CPU
		{872CFFB6-E272-458A-811E-3233A3BB6E53}.Debug|Any CPU.Build.0 = Debug|Any CPU
		{872CFFB6-E272-458A-811E-3233A3BB6E53}.Release|Any CPU.ActiveCfg = Release|Any CPU
		{872CFFB6-E272-458A-811E-3233A3BB6E53}.Release|Any CPU.Build.0 = Release|Any CPU
		{85942464-7FA5-4BEE-BB6D-DFAAAF3B4340}.Debug|Any CPU.ActiveCfg = Debug|Any CPU
		{85942464-7FA5-4BEE-BB6D-DFAAAF3B4340}.Debug|Any CPU.Build.0 = Debug|Any CPU
		{85942464-7FA5-4BEE-BB6D-DFAAAF3B4340}.Release|Any CPU.ActiveCfg = Release|Any CPU
		{85942464-7FA5-4BEE-BB6D-DFAAAF3B4340}.Release|Any CPU.Build.0 = Release|Any CPU
		{D7514919-4EB0-4563-92D5-A8B6BC5482EF}.Debug|Any CPU.ActiveCfg = Debug|Any CPU
		{D7514919-4EB0-4563-92D5-A8B6BC5482EF}.Debug|Any CPU.Build.0 = Debug|Any CPU
		{D7514919-4EB0-4563-92D5-A8B6BC5482EF}.Release|Any CPU.ActiveCfg = Release|Any CPU
		{D7514919-4EB0-4563-92D5-A8B6BC5482EF}.Release|Any CPU.Build.0 = Release|Any CPU
		{D992BF46-5705-4B09-8D2D-0C9D46D89B8F}.Debug|Any CPU.ActiveCfg = Debug|Any CPU
		{D992BF46-5705-4B09-8D2D-0C9D46D89B8F}.Debug|Any CPU.Build.0 = Debug|Any CPU
		{D992BF46-5705-4B09-8D2D-0C9D46D89B8F}.Release|Any CPU.ActiveCfg = Release|Any CPU
		{D992BF46-5705-4B09-8D2D-0C9D46D89B8F}.Release|Any CPU.Build.0 = Release|Any CPU
	EndGlobalSection
	GlobalSection(SolutionProperties) = preSolution
		HideSolutionNode = FALSE
	EndGlobalSection
	GlobalSection(ExtensibilityGlobals) = postSolution
		SolutionGuid = {68F61F89-3B04-4D20-96CD-815094EA9FF8}
	EndGlobalSection
EndGlobal
